// !$*UTF8*$!
{
	archiveVersion = 1;
	classes = {
	};
	objectVersion = 46;
	objects = {

/* Begin PBXBuildFile section */
		550020E51D619859004A3FAC /* SAPFlickrPhotoCell.xib in Resources */ = {isa = PBXBuildFile; fileRef = 550020E41D619859004A3FAC /* SAPFlickrPhotoCell.xib */; };
		550020EB1D619B09004A3FAC /* SAPCollectionViewCell.m in Sources */ = {isa = PBXBuildFile; fileRef = 550020EA1D619B09004A3FAC /* SAPCollectionViewCell.m */; };
		5501BABD1D5E294C00AFBBE7 /* Flickr.m in Sources */ = {isa = PBXBuildFile; fileRef = 5501BABC1D5E294C00AFBBE7 /* Flickr.m */; };
		5539A4071D3183370003F1DA /* main.m in Sources */ = {isa = PBXBuildFile; fileRef = 5539A4061D3183370003F1DA /* main.m */; };
		5539A40A1D3183370003F1DA /* AppDelegate.m in Sources */ = {isa = PBXBuildFile; fileRef = 5539A4091D3183370003F1DA /* AppDelegate.m */; };
		55516DC91D61834F004C74DF /* SAPFlickrPhotoCell.m in Sources */ = {isa = PBXBuildFile; fileRef = 55516DC81D61834F004C74DF /* SAPFlickrPhotoCell.m */; };
		55516DCD1D6184C1004C74DF /* UITableView+SAPExtensions.m in Sources */ = {isa = PBXBuildFile; fileRef = 55516DCC1D6184C1004C74DF /* UITableView+SAPExtensions.m */; };
		55516DD11D618936004C74DF /* UINib+SAPExtensions.m in Sources */ = {isa = PBXBuildFile; fileRef = 55516DD01D618936004C74DF /* UINib+SAPExtensions.m */; };
		55FB8CD81D61A3B700EB750C /* UICollectionView+SAPExtensions.m in Sources */ = {isa = PBXBuildFile; fileRef = 55FB8CD71D61A3B700EB750C /* UICollectionView+SAPExtensions.m */; };
		55FC41801D59B3BF0032EE67 /* Assets.xcassets in Resources */ = {isa = PBXBuildFile; fileRef = 55FC417C1D59B3BF0032EE67 /* Assets.xcassets */; };
		55FC41811D59B3BF0032EE67 /* LaunchScreen.storyboard in Resources */ = {isa = PBXBuildFile; fileRef = 55FC417E1D59B3BF0032EE67 /* LaunchScreen.storyboard */; };
		55FC418C1D59B51A0032EE67 /* UIWindow+SAPExtensions.m in Sources */ = {isa = PBXBuildFile; fileRef = 55FC418B1D59B51A0032EE67 /* UIWindow+SAPExtensions.m */; };
		55FC41921D59B5A20032EE67 /* SAPFlickrPhotosViewController.m in Sources */ = {isa = PBXBuildFile; fileRef = 55FC41901D59B5A20032EE67 /* SAPFlickrPhotosViewController.m */; };
		55FC41931D59B5A20032EE67 /* SAPFlickrPhotosViewController.xib in Resources */ = {isa = PBXBuildFile; fileRef = 55FC41911D59B5A20032EE67 /* SAPFlickrPhotosViewController.xib */; };
		5E940EC51D76101400777AA6 /* SAPSupplementaryView.m in Sources */ = {isa = PBXBuildFile; fileRef = 5E940EC31D76101400777AA6 /* SAPSupplementaryView.m */; };
		5E940EC61D76101400777AA6 /* SAPSupplementaryView.xib in Resources */ = {isa = PBXBuildFile; fileRef = 5E940EC41D76101400777AA6 /* SAPSupplementaryView.xib */; };
		9D91E82E772480EFAB20952B /* libPods-Study training.a in Frameworks */ = {isa = PBXBuildFile; fileRef = 3776E2C5FA74F344C82DC442 /* libPods-Study training.a */; };
/* End PBXBuildFile section */

/* Begin PBXFileReference section */
		310BEC4B50E6AF84A4004916 /* Pods-Study training.debug.xcconfig */ = {isa = PBXFileReference; includeInIndex = 1; lastKnownFileType = text.xcconfig; name = "Pods-Study training.debug.xcconfig"; path = "Pods/Target Support Files/Pods-Study training/Pods-Study training.debug.xcconfig"; sourceTree = "<group>"; };
		3776E2C5FA74F344C82DC442 /* libPods-Study training.a */ = {isa = PBXFileReference; explicitFileType = archive.ar; includeInIndex = 0; path = "libPods-Study training.a"; sourceTree = BUILT_PRODUCTS_DIR; };
		550020E41D619859004A3FAC /* SAPFlickrPhotoCell.xib */ = {isa = PBXFileReference; fileEncoding = 4; lastKnownFileType = file.xib; path = SAPFlickrPhotoCell.xib; sourceTree = "<group>"; };
		550020E91D619B09004A3FAC /* SAPCollectionViewCell.h */ = {isa = PBXFileReference; fileEncoding = 4; lastKnownFileType = sourcecode.c.h; path = SAPCollectionViewCell.h; sourceTree = "<group>"; };
		550020EA1D619B09004A3FAC /* SAPCollectionViewCell.m */ = {isa = PBXFileReference; fileEncoding = 4; lastKnownFileType = sourcecode.c.objc; path = SAPCollectionViewCell.m; sourceTree = "<group>"; };
		550020EF1D619DB9004A3FAC /* SAPModelView.h */ = {isa = PBXFileReference; fileEncoding = 4; lastKnownFileType = sourcecode.c.h; path = SAPModelView.h; sourceTree = "<group>"; };
		5501BABB1D5E294C00AFBBE7 /* Flickr.h */ = {isa = PBXFileReference; fileEncoding = 4; lastKnownFileType = sourcecode.c.h; path = Flickr.h; sourceTree = "<group>"; };
		5501BABC1D5E294C00AFBBE7 /* Flickr.m */ = {isa = PBXFileReference; fileEncoding = 4; lastKnownFileType = sourcecode.c.objc; path = Flickr.m; sourceTree = "<group>"; };
		5539A4021D3183370003F1DA /* Study training.app */ = {isa = PBXFileReference; explicitFileType = wrapper.application; includeInIndex = 0; path = "Study training.app"; sourceTree = BUILT_PRODUCTS_DIR; };
		5539A4061D3183370003F1DA /* main.m */ = {isa = PBXFileReference; lastKnownFileType = sourcecode.c.objc; path = main.m; sourceTree = "<group>"; };
		5539A4081D3183370003F1DA /* AppDelegate.h */ = {isa = PBXFileReference; lastKnownFileType = sourcecode.c.h; path = AppDelegate.h; sourceTree = "<group>"; };
		5539A4091D3183370003F1DA /* AppDelegate.m */ = {isa = PBXFileReference; lastKnownFileType = sourcecode.c.objc; path = AppDelegate.m; sourceTree = "<group>"; };
		5539A4161D3183370003F1DA /* Info.plist */ = {isa = PBXFileReference; lastKnownFileType = text.plist.xml; path = Info.plist; sourceTree = "<group>"; };
		55516DC71D61834F004C74DF /* SAPFlickrPhotoCell.h */ = {isa = PBXFileReference; fileEncoding = 4; lastKnownFileType = sourcecode.c.h; path = SAPFlickrPhotoCell.h; sourceTree = "<group>"; };
		55516DC81D61834F004C74DF /* SAPFlickrPhotoCell.m */ = {isa = PBXFileReference; fileEncoding = 4; lastKnownFileType = sourcecode.c.objc; path = SAPFlickrPhotoCell.m; sourceTree = "<group>"; };
		55516DCB1D6184C1004C74DF /* UITableView+SAPExtensions.h */ = {isa = PBXFileReference; fileEncoding = 4; lastKnownFileType = sourcecode.c.h; path = "UITableView+SAPExtensions.h"; sourceTree = "<group>"; };
		55516DCC1D6184C1004C74DF /* UITableView+SAPExtensions.m */ = {isa = PBXFileReference; fileEncoding = 4; lastKnownFileType = sourcecode.c.objc; path = "UITableView+SAPExtensions.m"; sourceTree = "<group>"; };
		55516DCF1D618936004C74DF /* UINib+SAPExtensions.h */ = {isa = PBXFileReference; fileEncoding = 4; lastKnownFileType = sourcecode.c.h; path = "UINib+SAPExtensions.h"; sourceTree = "<group>"; };
		55516DD01D618936004C74DF /* UINib+SAPExtensions.m */ = {isa = PBXFileReference; fileEncoding = 4; lastKnownFileType = sourcecode.c.objc; path = "UINib+SAPExtensions.m"; sourceTree = "<group>"; };
		55FB8CD61D61A3B700EB750C /* UICollectionView+SAPExtensions.h */ = {isa = PBXFileReference; fileEncoding = 4; lastKnownFileType = sourcecode.c.h; path = "UICollectionView+SAPExtensions.h"; sourceTree = "<group>"; };
		55FB8CD71D61A3B700EB750C /* UICollectionView+SAPExtensions.m */ = {isa = PBXFileReference; fileEncoding = 4; lastKnownFileType = sourcecode.c.objc; path = "UICollectionView+SAPExtensions.m"; sourceTree = "<group>"; };
		55FC417C1D59B3BF0032EE67 /* Assets.xcassets */ = {isa = PBXFileReference; lastKnownFileType = folder.assetcatalog; path = Assets.xcassets; sourceTree = "<group>"; };
		55FC417F1D59B3BF0032EE67 /* Base */ = {isa = PBXFileReference; lastKnownFileType = file.storyboard; name = Base; path = LaunchScreen.storyboard; sourceTree = "<group>"; };
		55FC418A1D59B51A0032EE67 /* UIWindow+SAPExtensions.h */ = {isa = PBXFileReference; fileEncoding = 4; lastKnownFileType = sourcecode.c.h; path = "UIWindow+SAPExtensions.h"; sourceTree = "<group>"; };
		55FC418B1D59B51A0032EE67 /* UIWindow+SAPExtensions.m */ = {isa = PBXFileReference; fileEncoding = 4; lastKnownFileType = sourcecode.c.objc; path = "UIWindow+SAPExtensions.m"; sourceTree = "<group>"; };
		55FC418F1D59B5A20032EE67 /* SAPFlickrPhotosViewController.h */ = {isa = PBXFileReference; fileEncoding = 4; lastKnownFileType = sourcecode.c.h; path = SAPFlickrPhotosViewController.h; sourceTree = "<group>"; };
		55FC41901D59B5A20032EE67 /* SAPFlickrPhotosViewController.m */ = {isa = PBXFileReference; fileEncoding = 4; lastKnownFileType = sourcecode.c.objc; path = SAPFlickrPhotosViewController.m; sourceTree = "<group>"; };
		55FC41911D59B5A20032EE67 /* SAPFlickrPhotosViewController.xib */ = {isa = PBXFileReference; fileEncoding = 4; lastKnownFileType = file.xib; path = SAPFlickrPhotosViewController.xib; sourceTree = "<group>"; };
		5E940EC21D76101400777AA6 /* SAPSupplementaryView.h */ = {isa = PBXFileReference; fileEncoding = 4; lastKnownFileType = sourcecode.c.h; name = SAPSupplementaryView.h; path = SAPSupplementaryView/SAPSupplementaryView.h; sourceTree = "<group>"; };
		5E940EC31D76101400777AA6 /* SAPSupplementaryView.m */ = {isa = PBXFileReference; fileEncoding = 4; lastKnownFileType = sourcecode.c.objc; name = SAPSupplementaryView.m; path = SAPSupplementaryView/SAPSupplementaryView.m; sourceTree = "<group>"; };
		5E940EC41D76101400777AA6 /* SAPSupplementaryView.xib */ = {isa = PBXFileReference; fileEncoding = 4; lastKnownFileType = file.xib; name = SAPSupplementaryView.xib; path = SAPSupplementaryView/SAPSupplementaryView.xib; sourceTree = "<group>"; };
		E2C40CB7FBBB0207EAF376F5 /* Pods-Study training.release.xcconfig */ = {isa = PBXFileReference; includeInIndex = 1; lastKnownFileType = text.xcconfig; name = "Pods-Study training.release.xcconfig"; path = "Pods/Target Support Files/Pods-Study training/Pods-Study training.release.xcconfig"; sourceTree = "<group>"; };
/* End PBXFileReference section */

/* Begin PBXFrameworksBuildPhase section */
		5539A3FF1D3183370003F1DA /* Frameworks */ = {
			isa = PBXFrameworksBuildPhase;
			buildActionMask = 2147483647;
			files = (
				9D91E82E772480EFAB20952B /* libPods-Study training.a in Frameworks */,
			);
			runOnlyForDeploymentPostprocessing = 0;
		};
/* End PBXFrameworksBuildPhase section */

/* Begin PBXGroup section */
		24C7726E319098268385D286 /* Pods */ = {
			isa = PBXGroup;
			children = (
				310BEC4B50E6AF84A4004916 /* Pods-Study training.debug.xcconfig */,
				E2C40CB7FBBB0207EAF376F5 /* Pods-Study training.release.xcconfig */,
			);
			name = Pods;
			sourceTree = "<group>";
		};
		41D47AB39B9DEB1410F55007 /* Frameworks */ = {
			isa = PBXGroup;
			children = (
				3776E2C5FA74F344C82DC442 /* libPods-Study training.a */,
			);
			name = Frameworks;
			sourceTree = "<group>";
		};
		550020E61D619AB9004A3FAC /* Classes */ = {
			isa = PBXGroup;
			children = (
				550020E71D619AB9004A3FAC /* Viwes */,
			);
			path = Classes;
			sourceTree = "<group>";
		};
		550020E71D619AB9004A3FAC /* Viwes */ = {
			isa = PBXGroup;
			children = (
				550020E81D619AB9004A3FAC /* SAPCollectionViewCell */,
			);
			path = Viwes;
			sourceTree = "<group>";
		};
		550020E81D619AB9004A3FAC /* SAPCollectionViewCell */ = {
			isa = PBXGroup;
			children = (
				550020E91D619B09004A3FAC /* SAPCollectionViewCell.h */,
				550020EA1D619B09004A3FAC /* SAPCollectionViewCell.m */,
			);
			path = SAPCollectionViewCell;
			sourceTree = "<group>";
		};
		550020EE1D619DB9004A3FAC /* Protocols */ = {
			isa = PBXGroup;
			children = (
				550020EF1D619DB9004A3FAC /* SAPModelView.h */,
			);
			path = Protocols;
			sourceTree = "<group>";
		};
		5539A3F91D3183370003F1DA = {
			isa = PBXGroup;
			children = (
				5539A4041D3183370003F1DA /* Study training */,
				55FC417B1D59B33E0032EE67 /* Resources */,
				55FC417A1D59B26F0032EE67 /* Source */,
				5539A4031D3183370003F1DA /* Products */,
				24C7726E319098268385D286 /* Pods */,
				41D47AB39B9DEB1410F55007 /* Frameworks */,
			);
			sourceTree = "<group>";
		};
		5539A4031D3183370003F1DA /* Products */ = {
			isa = PBXGroup;
			children = (
				5539A4021D3183370003F1DA /* Study training.app */,
			);
			name = Products;
			sourceTree = "<group>";
		};
		5539A4041D3183370003F1DA /* Study training */ = {
			isa = PBXGroup;
			children = (
				5539A4061D3183370003F1DA /* main.m */,
				5539A4081D3183370003F1DA /* AppDelegate.h */,
				5539A4091D3183370003F1DA /* AppDelegate.m */,
				5539A4161D3183370003F1DA /* Info.plist */,
			);
			path = "Study training";
			sourceTree = "<group>";
		};
		55516DC61D61831D004C74DF /* SAPFlickrPhotoCell */ = {
			isa = PBXGroup;
			children = (
				55516DC71D61834F004C74DF /* SAPFlickrPhotoCell.h */,
				55516DC81D61834F004C74DF /* SAPFlickrPhotoCell.m */,
				550020E41D619859004A3FAC /* SAPFlickrPhotoCell.xib */,
			);
			path = SAPFlickrPhotoCell;
			sourceTree = "<group>";
		};
		55516DCA1D6184C1004C74DF /* UITableView */ = {
			isa = PBXGroup;
			children = (
				55516DCB1D6184C1004C74DF /* UITableView+SAPExtensions.h */,
				55516DCC1D6184C1004C74DF /* UITableView+SAPExtensions.m */,
			);
			path = UITableView;
			sourceTree = "<group>";
		};
		55516DCE1D618936004C74DF /* UINib */ = {
			isa = PBXGroup;
			children = (
				55516DCF1D618936004C74DF /* UINib+SAPExtensions.h */,
				55516DD01D618936004C74DF /* UINib+SAPExtensions.m */,
			);
			path = UINib;
			sourceTree = "<group>";
		};
		55FB8CD51D61A3B700EB750C /* UICollectionView */ = {
			isa = PBXGroup;
			children = (
				55FB8CD61D61A3B700EB750C /* UICollectionView+SAPExtensions.h */,
				55FB8CD71D61A3B700EB750C /* UICollectionView+SAPExtensions.m */,
			);
			path = UICollectionView;
			sourceTree = "<group>";
		};
		55FC417A1D59B26F0032EE67 /* Source */ = {
			isa = PBXGroup;
			children = (
				55FC418D1D59B5A20032EE67 /* UI */,
				55FC41871D59B51A0032EE67 /* Library */,
				5501BABB1D5E294C00AFBBE7 /* Flickr.h */,
				5501BABC1D5E294C00AFBBE7 /* Flickr.m */,
			);
			path = Source;
			sourceTree = "<group>";
		};
		55FC417B1D59B33E0032EE67 /* Resources */ = {
			isa = PBXGroup;
			children = (
				55FC417C1D59B3BF0032EE67 /* Assets.xcassets */,
				55FC417D1D59B3BF0032EE67 /* Base.lproj */,
			);
			path = Resources;
			sourceTree = "<group>";
		};
		55FC417D1D59B3BF0032EE67 /* Base.lproj */ = {
			isa = PBXGroup;
			children = (
				55FC417E1D59B3BF0032EE67 /* LaunchScreen.storyboard */,
			);
			path = Base.lproj;
			sourceTree = "<group>";
		};
		55FC41871D59B51A0032EE67 /* Library */ = {
			isa = PBXGroup;
			children = (
				55FC41881D59B51A0032EE67 /* Categories */,
				550020E61D619AB9004A3FAC /* Classes */,
				550020EE1D619DB9004A3FAC /* Protocols */,
			);
			path = Library;
			sourceTree = "<group>";
		};
		55FC41881D59B51A0032EE67 /* Categories */ = {
			isa = PBXGroup;
			children = (
				55FC41891D59B51A0032EE67 /* UIWindow */,
				55516DCA1D6184C1004C74DF /* UITableView */,
				55FB8CD51D61A3B700EB750C /* UICollectionView */,
				55516DCE1D618936004C74DF /* UINib */,
			);
			path = Categories;
			sourceTree = "<group>";
		};
		55FC41891D59B51A0032EE67 /* UIWindow */ = {
			isa = PBXGroup;
			children = (
				55FC418A1D59B51A0032EE67 /* UIWindow+SAPExtensions.h */,
				55FC418B1D59B51A0032EE67 /* UIWindow+SAPExtensions.m */,
			);
			path = UIWindow;
			sourceTree = "<group>";
		};
		55FC418D1D59B5A20032EE67 /* UI */ = {
			isa = PBXGroup;
			children = (
				55FC418E1D59B5A20032EE67 /* SAPViewController */,
			);
			path = UI;
			sourceTree = "<group>";
		};
		55FC418E1D59B5A20032EE67 /* SAPViewController */ = {
			isa = PBXGroup;
			children = (
				55FC418F1D59B5A20032EE67 /* SAPFlickrPhotosViewController.h */,
				55FC41901D59B5A20032EE67 /* SAPFlickrPhotosViewController.m */,
				55FC41911D59B5A20032EE67 /* SAPFlickrPhotosViewController.xib */,
				55516DC61D61831D004C74DF /* SAPFlickrPhotoCell */,
				5E940EC11D760FCA00777AA6 /* SAPSupplementaryView */,
			);
			path = SAPViewController;
			sourceTree = "<group>";
		};
		5E940EC11D760FCA00777AA6 /* SAPSupplementaryView */ = {
			isa = PBXGroup;
			children = (
				5E940EC21D76101400777AA6 /* SAPSupplementaryView.h */,
				5E940EC31D76101400777AA6 /* SAPSupplementaryView.m */,
				5E940EC41D76101400777AA6 /* SAPSupplementaryView.xib */,
			);
			name = SAPSupplementaryView;
			sourceTree = "<group>";
		};
/* End PBXGroup section */

/* Begin PBXNativeTarget section */
		5539A4011D3183370003F1DA /* Study training */ = {
			isa = PBXNativeTarget;
			buildConfigurationList = 5539A4191D3183370003F1DA /* Build configuration list for PBXNativeTarget "Study training" */;
			buildPhases = (
				7A7AEBFD80484478808E26F1 /* 📦 Check Pods Manifest.lock */,
				5539A3FE1D3183370003F1DA /* Sources */,
				5539A3FF1D3183370003F1DA /* Frameworks */,
				5539A4001D3183370003F1DA /* Resources */,
				CCA916C2F06F95709DEB0064 /* 📦 Embed Pods Frameworks */,
				3D72CC448FBE2180C3E52F15 /* 📦 Copy Pods Resources */,
			);
			buildRules = (
			);
			dependencies = (
			);
			name = "Study training";
			productName = "Study training";
			productReference = 5539A4021D3183370003F1DA /* Study training.app */;
			productType = "com.apple.product-type.application";
		};
/* End PBXNativeTarget section */

/* Begin PBXProject section */
		5539A3FA1D3183370003F1DA /* Project object */ = {
			isa = PBXProject;
			attributes = {
				LastUpgradeCheck = 0730;
				ORGANIZATIONNAME = Andrey;
				TargetAttributes = {
					5539A4011D3183370003F1DA = {
						CreatedOnToolsVersion = 7.3;
					};
				};
			};
			buildConfigurationList = 5539A3FD1D3183370003F1DA /* Build configuration list for PBXProject "Study training" */;
			compatibilityVersion = "Xcode 3.2";
			developmentRegion = English;
			hasScannedForEncodings = 0;
			knownRegions = (
				en,
				Base,
			);
			mainGroup = 5539A3F91D3183370003F1DA;
			productRefGroup = 5539A4031D3183370003F1DA /* Products */;
			projectDirPath = "";
			projectRoot = "";
			targets = (
				5539A4011D3183370003F1DA /* Study training */,
			);
		};
/* End PBXProject section */

/* Begin PBXResourcesBuildPhase section */
		5539A4001D3183370003F1DA /* Resources */ = {
			isa = PBXResourcesBuildPhase;
			buildActionMask = 2147483647;
			files = (
				550020E51D619859004A3FAC /* SAPFlickrPhotoCell.xib in Resources */,
				55FC41811D59B3BF0032EE67 /* LaunchScreen.storyboard in Resources */,
				5E940EC61D76101400777AA6 /* SAPSupplementaryView.xib in Resources */,
				55FC41801D59B3BF0032EE67 /* Assets.xcassets in Resources */,
				55FC41931D59B5A20032EE67 /* SAPFlickrPhotosViewController.xib in Resources */,
			);
			runOnlyForDeploymentPostprocessing = 0;
		};
/* End PBXResourcesBuildPhase section */

/* Begin PBXShellScriptBuildPhase section */
		3D72CC448FBE2180C3E52F15 /* 📦 Copy Pods Resources */ = {
			isa = PBXShellScriptBuildPhase;
			buildActionMask = 2147483647;
			files = (
			);
			inputPaths = (
			);
			name = "📦 Copy Pods Resources";
			outputPaths = (
			);
			runOnlyForDeploymentPostprocessing = 0;
			shellPath = /bin/sh;
			shellScript = "\"${SRCROOT}/Pods/Target Support Files/Pods-Study training/Pods-Study training-resources.sh\"\n";
			showEnvVarsInLog = 0;
		};
		7A7AEBFD80484478808E26F1 /* 📦 Check Pods Manifest.lock */ = {
			isa = PBXShellScriptBuildPhase;
			buildActionMask = 2147483647;
			files = (
			);
			inputPaths = (
			);
			name = "📦 Check Pods Manifest.lock";
			outputPaths = (
			);
			runOnlyForDeploymentPostprocessing = 0;
			shellPath = /bin/sh;
			shellScript = "diff \"${PODS_ROOT}/../Podfile.lock\" \"${PODS_ROOT}/Manifest.lock\" > /dev/null\nif [[ $? != 0 ]] ; then\n    cat << EOM\nerror: The sandbox is not in sync with the Podfile.lock. Run 'pod install' or update your CocoaPods installation.\nEOM\n    exit 1\nfi\n";
			showEnvVarsInLog = 0;
		};
		CCA916C2F06F95709DEB0064 /* 📦 Embed Pods Frameworks */ = {
			isa = PBXShellScriptBuildPhase;
			buildActionMask = 2147483647;
			files = (
			);
			inputPaths = (
			);
			name = "📦 Embed Pods Frameworks";
			outputPaths = (
			);
			runOnlyForDeploymentPostprocessing = 0;
			shellPath = /bin/sh;
			shellScript = "\"${SRCROOT}/Pods/Target Support Files/Pods-Study training/Pods-Study training-frameworks.sh\"\n";
			showEnvVarsInLog = 0;
		};
/* End PBXShellScriptBuildPhase section */

/* Begin PBXSourcesBuildPhase section */
		5539A3FE1D3183370003F1DA /* Sources */ = {
			isa = PBXSourcesBuildPhase;
			buildActionMask = 2147483647;
			files = (
				55FC418C1D59B51A0032EE67 /* UIWindow+SAPExtensions.m in Sources */,
				55FC41921D59B5A20032EE67 /* SAPFlickrPhotosViewController.m in Sources */,
				55516DC91D61834F004C74DF /* SAPFlickrPhotoCell.m in Sources */,
				5E940EC51D76101400777AA6 /* SAPSupplementaryView.m in Sources */,
				550020EB1D619B09004A3FAC /* SAPCollectionViewCell.m in Sources */,
				5501BABD1D5E294C00AFBBE7 /* Flickr.m in Sources */,
				5539A40A1D3183370003F1DA /* AppDelegate.m in Sources */,
				55FB8CD81D61A3B700EB750C /* UICollectionView+SAPExtensions.m in Sources */,
				55516DCD1D6184C1004C74DF /* UITableView+SAPExtensions.m in Sources */,
				55516DD11D618936004C74DF /* UINib+SAPExtensions.m in Sources */,
				5539A4071D3183370003F1DA /* main.m in Sources */,
			);
			runOnlyForDeploymentPostprocessing = 0;
		};
/* End PBXSourcesBuildPhase section */

/* Begin PBXVariantGroup section */
		55FC417E1D59B3BF0032EE67 /* LaunchScreen.storyboard */ = {
			isa = PBXVariantGroup;
			children = (
				55FC417F1D59B3BF0032EE67 /* Base */,
			);
			name = LaunchScreen.storyboard;
			sourceTree = "<group>";
		};
/* End PBXVariantGroup section */

/* Begin XCBuildConfiguration section */
		5539A4171D3183370003F1DA /* Debug */ = {
			isa = XCBuildConfiguration;
			buildSettings = {
				ALWAYS_SEARCH_USER_PATHS = NO;
				CLANG_ANALYZER_NONNULL = YES;
				CLANG_CXX_LANGUAGE_STANDARD = "gnu++0x";
				CLANG_CXX_LIBRARY = "libc++";
				CLANG_ENABLE_MODULES = YES;
				CLANG_ENABLE_OBJC_ARC = YES;
				CLANG_WARN_BOOL_CONVERSION = YES;
				CLANG_WARN_CONSTANT_CONVERSION = YES;
				CLANG_WARN_DIRECT_OBJC_ISA_USAGE = YES_ERROR;
				CLANG_WARN_EMPTY_BODY = YES;
				CLANG_WARN_ENUM_CONVERSION = YES;
				CLANG_WARN_INT_CONVERSION = YES;
				CLANG_WARN_OBJC_ROOT_CLASS = YES_ERROR;
				CLANG_WARN_UNREACHABLE_CODE = YES;
				CLANG_WARN__DUPLICATE_METHOD_MATCH = YES;
				"CODE_SIGN_IDENTITY[sdk=iphoneos*]" = "iPhone Developer";
				COPY_PHASE_STRIP = NO;
				DEBUG_INFORMATION_FORMAT = dwarf;
				ENABLE_STRICT_OBJC_MSGSEND = YES;
				ENABLE_TESTABILITY = YES;
				GCC_C_LANGUAGE_STANDARD = gnu99;
				GCC_DYNAMIC_NO_PIC = NO;
				GCC_NO_COMMON_BLOCKS = YES;
				GCC_OPTIMIZATION_LEVEL = 0;
				GCC_PREPROCESSOR_DEFINITIONS = (
					"DEBUG=1",
					"$(inherited)",
				);
				GCC_WARN_64_TO_32_BIT_CONVERSION = YES;
				GCC_WARN_ABOUT_RETURN_TYPE = YES_ERROR;
				GCC_WARN_UNDECLARED_SELECTOR = YES;
				GCC_WARN_UNINITIALIZED_AUTOS = YES_AGGRESSIVE;
				GCC_WARN_UNUSED_FUNCTION = YES;
				GCC_WARN_UNUSED_VARIABLE = YES;
				IPHONEOS_DEPLOYMENT_TARGET = 9.3;
				MTL_ENABLE_DEBUG_INFO = YES;
				ONLY_ACTIVE_ARCH = YES;
				SDKROOT = iphoneos;
			};
			name = Debug;
		};
		5539A4181D3183370003F1DA /* Release */ = {
			isa = XCBuildConfiguration;
			buildSettings = {
				ALWAYS_SEARCH_USER_PATHS = NO;
				CLANG_ANALYZER_NONNULL = YES;
				CLANG_CXX_LANGUAGE_STANDARD = "gnu++0x";
				CLANG_CXX_LIBRARY = "libc++";
				CLANG_ENABLE_MODULES = YES;
				CLANG_ENABLE_OBJC_ARC = YES;
				CLANG_WARN_BOOL_CONVERSION = YES;
				CLANG_WARN_CONSTANT_CONVERSION = YES;
				CLANG_WARN_DIRECT_OBJC_ISA_USAGE = YES_ERROR;
				CLANG_WARN_EMPTY_BODY = YES;
				CLANG_WARN_ENUM_CONVERSION = YES;
				CLANG_WARN_INT_CONVERSION = YES;
				CLANG_WARN_OBJC_ROOT_CLASS = YES_ERROR;
				CLANG_WARN_UNREACHABLE_CODE = YES;
				CLANG_WARN__DUPLICATE_METHOD_MATCH = YES;
				"CODE_SIGN_IDENTITY[sdk=iphoneos*]" = "iPhone Developer";
				COPY_PHASE_STRIP = NO;
				DEBUG_INFORMATION_FORMAT = "dwarf-with-dsym";
				ENABLE_NS_ASSERTIONS = NO;
				ENABLE_STRICT_OBJC_MSGSEND = YES;
				GCC_C_LANGUAGE_STANDARD = gnu99;
				GCC_NO_COMMON_BLOCKS = YES;
				GCC_WARN_64_TO_32_BIT_CONVERSION = YES;
				GCC_WARN_ABOUT_RETURN_TYPE = YES_ERROR;
				GCC_WARN_UNDECLARED_SELECTOR = YES;
				GCC_WARN_UNINITIALIZED_AUTOS = YES_AGGRESSIVE;
				GCC_WARN_UNUSED_FUNCTION = YES;
				GCC_WARN_UNUSED_VARIABLE = YES;
				IPHONEOS_DEPLOYMENT_TARGET = 9.3;
				MTL_ENABLE_DEBUG_INFO = NO;
				SDKROOT = iphoneos;
				VALIDATE_PRODUCT = YES;
			};
			name = Release;
		};
		5539A41A1D3183370003F1DA /* Debug */ = {
			isa = XCBuildConfiguration;
			baseConfigurationReference = 310BEC4B50E6AF84A4004916 /* Pods-Study training.debug.xcconfig */;
			buildSettings = {
				ASSETCATALOG_COMPILER_APPICON_NAME = AppIcon;
				INFOPLIST_FILE = "Study training/Info.plist";
				LD_RUNPATH_SEARCH_PATHS = "$(inherited) @executable_path/Frameworks";
				PRODUCT_BUNDLE_IDENTIFIER = "SAP.Study-training";
				PRODUCT_NAME = "$(TARGET_NAME)";
			};
			name = Debug;
		};
		5539A41B1D3183370003F1DA /* Release */ = {
			isa = XCBuildConfiguration;
			baseConfigurationReference = E2C40CB7FBBB0207EAF376F5 /* Pods-Study training.release.xcconfig */;
			buildSettings = {
				ASSETCATALOG_COMPILER_APPICON_NAME = AppIcon;
				INFOPLIST_FILE = "Study training/Info.plist";
				LD_RUNPATH_SEARCH_PATHS = "$(inherited) @executable_path/Frameworks";
				PRODUCT_BUNDLE_IDENTIFIER = "SAP.Study-training";
				PRODUCT_NAME = "$(TARGET_NAME)";
			};
			name = Release;
		};
/* End XCBuildConfiguration section */

/* Begin XCConfigurationList section */
		5539A3FD1D3183370003F1DA /* Build configuration list for PBXProject "Study training" */ = {
			isa = XCConfigurationList;
			buildConfigurations = (
				5539A4171D3183370003F1DA /* Debug */,
				5539A4181D3183370003F1DA /* Release */,
			);
			defaultConfigurationIsVisible = 0;
			defaultConfigurationName = Release;
		};
		5539A4191D3183370003F1DA /* Build configuration list for PBXNativeTarget "Study training" */ = {
			isa = XCConfigurationList;
			buildConfigurations = (
				5539A41A1D3183370003F1DA /* Debug */,
				5539A41B1D3183370003F1DA /* Release */,
			);
			defaultConfigurationIsVisible = 0;
			defaultConfigurationName = Release;
		};
/* End XCConfigurationList section */
	};
	rootObject = 5539A3FA1D3183370003F1DA /* Project object */;
}
