// !$*UTF8*$!
{
	archiveVersion = 1;
	classes = {
	};
	objectVersion = 46;
	objects = {

/* Begin PBXBuildFile section */
		5539A4071D3183370003F1DA /* main.m in Sources */ = {isa = PBXBuildFile; fileRef = 5539A4061D3183370003F1DA /* main.m */; };
		5539A40A1D3183370003F1DA /* AppDelegate.m in Sources */ = {isa = PBXBuildFile; fileRef = 5539A4091D3183370003F1DA /* AppDelegate.m */; };
		5539A4121D3183370003F1DA /* Assets.xcassets in Resources */ = {isa = PBXBuildFile; fileRef = 5539A4111D3183370003F1DA /* Assets.xcassets */; };
		5539A4151D3183370003F1DA /* LaunchScreen.storyboard in Resources */ = {isa = PBXBuildFile; fileRef = 5539A4131D3183370003F1DA /* LaunchScreen.storyboard */; };
		5539A41F1D3187570003F1DA /* SAPViewController.m in Sources */ = {isa = PBXBuildFile; fileRef = 5539A41D1D3187570003F1DA /* SAPViewController.m */; };
		5539A4201D3187570003F1DA /* SAPViewController.xib in Resources */ = {isa = PBXBuildFile; fileRef = 5539A41E1D3187570003F1DA /* SAPViewController.xib */; };
		5EBF06B11D770C3800531548 /* SAPViewA.m in Sources */ = {isa = PBXBuildFile; fileRef = 5EBF06B01D770C3800531548 /* SAPViewA.m */; };
		5EBF06B41D770C4800531548 /* SAPViewB.m in Sources */ = {isa = PBXBuildFile; fileRef = 5EBF06B31D770C4800531548 /* SAPViewB.m */; };
		5EBF06B71D770C6A00531548 /* SAPViewC.m in Sources */ = {isa = PBXBuildFile; fileRef = 5EBF06B61D770C6A00531548 /* SAPViewC.m */; };
		5EBF06BA1D770C7E00531548 /* SAPViewD.m in Sources */ = {isa = PBXBuildFile; fileRef = 5EBF06B91D770C7E00531548 /* SAPViewD.m */; };
		5EBF06BD1D770C8800531548 /* SAPViewE.m in Sources */ = {isa = PBXBuildFile; fileRef = 5EBF06BC1D770C8800531548 /* SAPViewE.m */; };
		5EBF06C01D77130F00531548 /* SAPViewF.m in Sources */ = {isa = PBXBuildFile; fileRef = 5EBF06BF1D77130F00531548 /* SAPViewF.m */; };
		5EBF06C31D7713D700531548 /* SAPViewG.m in Sources */ = {isa = PBXBuildFile; fileRef = 5EBF06C21D7713D700531548 /* SAPViewG.m */; };
/* End PBXBuildFile section */

/* Begin PBXFileReference section */
		5539A4021D3183370003F1DA /* Study training.app */ = {isa = PBXFileReference; explicitFileType = wrapper.application; includeInIndex = 0; path = "Study training.app"; sourceTree = BUILT_PRODUCTS_DIR; };
		5539A4061D3183370003F1DA /* main.m */ = {isa = PBXFileReference; lastKnownFileType = sourcecode.c.objc; path = main.m; sourceTree = "<group>"; };
		5539A4081D3183370003F1DA /* AppDelegate.h */ = {isa = PBXFileReference; lastKnownFileType = sourcecode.c.h; path = AppDelegate.h; sourceTree = "<group>"; };
		5539A4091D3183370003F1DA /* AppDelegate.m */ = {isa = PBXFileReference; lastKnownFileType = sourcecode.c.objc; path = AppDelegate.m; sourceTree = "<group>"; };
		5539A4111D3183370003F1DA /* Assets.xcassets */ = {isa = PBXFileReference; lastKnownFileType = folder.assetcatalog; path = Assets.xcassets; sourceTree = "<group>"; };
		5539A4141D3183370003F1DA /* Base */ = {isa = PBXFileReference; lastKnownFileType = file.storyboard; name = Base; path = Base.lproj/LaunchScreen.storyboard; sourceTree = "<group>"; };
		5539A4161D3183370003F1DA /* Info.plist */ = {isa = PBXFileReference; lastKnownFileType = text.plist.xml; path = Info.plist; sourceTree = "<group>"; };
		5539A41C1D3187570003F1DA /* SAPViewController.h */ = {isa = PBXFileReference; fileEncoding = 4; lastKnownFileType = sourcecode.c.h; path = SAPViewController.h; sourceTree = "<group>"; };
		5539A41D1D3187570003F1DA /* SAPViewController.m */ = {isa = PBXFileReference; fileEncoding = 4; lastKnownFileType = sourcecode.c.objc; path = SAPViewController.m; sourceTree = "<group>"; };
		5539A41E1D3187570003F1DA /* SAPViewController.xib */ = {isa = PBXFileReference; fileEncoding = 4; lastKnownFileType = file.xib; path = SAPViewController.xib; sourceTree = "<group>"; };
		5EBF06AF1D770C3800531548 /* SAPViewA.h */ = {isa = PBXFileReference; fileEncoding = 4; lastKnownFileType = sourcecode.c.h; path = SAPViewA.h; sourceTree = "<group>"; };
		5EBF06B01D770C3800531548 /* SAPViewA.m */ = {isa = PBXFileReference; fileEncoding = 4; lastKnownFileType = sourcecode.c.objc; path = SAPViewA.m; sourceTree = "<group>"; };
		5EBF06B21D770C4800531548 /* SAPViewB.h */ = {isa = PBXFileReference; fileEncoding = 4; lastKnownFileType = sourcecode.c.h; path = SAPViewB.h; sourceTree = "<group>"; };
		5EBF06B31D770C4800531548 /* SAPViewB.m */ = {isa = PBXFileReference; fileEncoding = 4; lastKnownFileType = sourcecode.c.objc; path = SAPViewB.m; sourceTree = "<group>"; };
		5EBF06B51D770C6A00531548 /* SAPViewC.h */ = {isa = PBXFileReference; fileEncoding = 4; lastKnownFileType = sourcecode.c.h; path = SAPViewC.h; sourceTree = "<group>"; };
		5EBF06B61D770C6A00531548 /* SAPViewC.m */ = {isa = PBXFileReference; fileEncoding = 4; lastKnownFileType = sourcecode.c.objc; path = SAPViewC.m; sourceTree = "<group>"; };
		5EBF06B81D770C7E00531548 /* SAPViewD.h */ = {isa = PBXFileReference; fileEncoding = 4; lastKnownFileType = sourcecode.c.h; path = SAPViewD.h; sourceTree = "<group>"; };
		5EBF06B91D770C7E00531548 /* SAPViewD.m */ = {isa = PBXFileReference; fileEncoding = 4; lastKnownFileType = sourcecode.c.objc; path = SAPViewD.m; sourceTree = "<group>"; };
		5EBF06BB1D770C8800531548 /* SAPViewE.h */ = {isa = PBXFileReference; fileEncoding = 4; lastKnownFileType = sourcecode.c.h; path = SAPViewE.h; sourceTree = "<group>"; };
		5EBF06BC1D770C8800531548 /* SAPViewE.m */ = {isa = PBXFileReference; fileEncoding = 4; lastKnownFileType = sourcecode.c.objc; path = SAPViewE.m; sourceTree = "<group>"; };
		5EBF06BE1D77130F00531548 /* SAPViewF.h */ = {isa = PBXFileReference; fileEncoding = 4; lastKnownFileType = sourcecode.c.h; path = SAPViewF.h; sourceTree = "<group>"; };
		5EBF06BF1D77130F00531548 /* SAPViewF.m */ = {isa = PBXFileReference; fileEncoding = 4; lastKnownFileType = sourcecode.c.objc; path = SAPViewF.m; sourceTree = "<group>"; };
		5EBF06C11D7713D700531548 /* SAPViewG.h */ = {isa = PBXFileReference; fileEncoding = 4; lastKnownFileType = sourcecode.c.h; path = SAPViewG.h; sourceTree = "<group>"; };
		5EBF06C21D7713D700531548 /* SAPViewG.m */ = {isa = PBXFileReference; fileEncoding = 4; lastKnownFileType = sourcecode.c.objc; path = SAPViewG.m; sourceTree = "<group>"; };
/* End PBXFileReference section */

/* Begin PBXFrameworksBuildPhase section */
		5539A3FF1D3183370003F1DA /* Frameworks */ = {
			isa = PBXFrameworksBuildPhase;
			buildActionMask = 2147483647;
			files = (
			);
			runOnlyForDeploymentPostprocessing = 0;
		};
/* End PBXFrameworksBuildPhase section */

/* Begin PBXGroup section */
		5539A3F91D3183370003F1DA = {
			isa = PBXGroup;
			children = (
				5539A4041D3183370003F1DA /* Study training */,
				5539A4031D3183370003F1DA /* Products */,
			);
			sourceTree = "<group>";
		};
		5539A4031D3183370003F1DA /* Products */ = {
			isa = PBXGroup;
			children = (
				5539A4021D3183370003F1DA /* Study training.app */,
			);
			name = Products;
			sourceTree = "<group>";
		};
		5539A4041D3183370003F1DA /* Study training */ = {
			isa = PBXGroup;
			children = (
				5539A4081D3183370003F1DA /* AppDelegate.h */,
				5539A4091D3183370003F1DA /* AppDelegate.m */,
				5539A4111D3183370003F1DA /* Assets.xcassets */,
				5539A4131D3183370003F1DA /* LaunchScreen.storyboard */,
				5539A4161D3183370003F1DA /* Info.plist */,
				5539A4051D3183370003F1DA /* Supporting Files */,
				5539A41C1D3187570003F1DA /* SAPViewController.h */,
				5539A41D1D3187570003F1DA /* SAPViewController.m */,
				5539A41E1D3187570003F1DA /* SAPViewController.xib */,
				5EBF06AE1D770C0B00531548 /* Views */,
			);
			path = "Study training";
			sourceTree = "<group>";
		};
		5539A4051D3183370003F1DA /* Supporting Files */ = {
			isa = PBXGroup;
			children = (
				5539A4061D3183370003F1DA /* main.m */,
			);
			name = "Supporting Files";
			sourceTree = "<group>";
		};
		5EBF06AE1D770C0B00531548 /* Views */ = {
			isa = PBXGroup;
			children = (
				5EBF06AF1D770C3800531548 /* SAPViewA.h */,
				5EBF06B01D770C3800531548 /* SAPViewA.m */,
				5EBF06B21D770C4800531548 /* SAPViewB.h */,
				5EBF06B31D770C4800531548 /* SAPViewB.m */,
				5EBF06B51D770C6A00531548 /* SAPViewC.h */,
				5EBF06B61D770C6A00531548 /* SAPViewC.m */,
				5EBF06B81D770C7E00531548 /* SAPViewD.h */,
				5EBF06B91D770C7E00531548 /* SAPViewD.m */,
				5EBF06BB1D770C8800531548 /* SAPViewE.h */,
				5EBF06BC1D770C8800531548 /* SAPViewE.m */,
				5EBF06BE1D77130F00531548 /* SAPViewF.h */,
				5EBF06BF1D77130F00531548 /* SAPViewF.m */,
				5EBF06C11D7713D700531548 /* SAPViewG.h */,
				5EBF06C21D7713D700531548 /* SAPViewG.m */,
			);
			path = Views;
			sourceTree = "<group>";
		};
/* End PBXGroup section */

/* Begin PBXNativeTarget section */
		5539A4011D3183370003F1DA /* Study training */ = {
			isa = PBXNativeTarget;
			buildConfigurationList = 5539A4191D3183370003F1DA /* Build configuration list for PBXNativeTarget "Study training" */;
			buildPhases = (
				5539A3FE1D3183370003F1DA /* Sources */,
				5539A3FF1D3183370003F1DA /* Frameworks */,
				5539A4001D3183370003F1DA /* Resources */,
			);
			buildRules = (
			);
			dependencies = (
			);
			name = "Study training";
			productName = "Study training";
			productReference = 5539A4021D3183370003F1DA /* Study training.app */;
			productType = "com.apple.product-type.application";
		};
/* End PBXNativeTarget section */

/* Begin PBXProject section */
		5539A3FA1D3183370003F1DA /* Project object */ = {
			isa = PBXProject;
			attributes = {
				LastUpgradeCheck = 0730;
				ORGANIZATIONNAME = Andrey;
				TargetAttributes = {
					5539A4011D3183370003F1DA = {
						CreatedOnToolsVersion = 7.3;
					};
				};
			};
			buildConfigurationList = 5539A3FD1D3183370003F1DA /* Build configuration list for PBXProject "Study training" */;
			compatibilityVersion = "Xcode 3.2";
			developmentRegion = English;
			hasScannedForEncodings = 0;
			knownRegions = (
				en,
				Base,
			);
			mainGroup = 5539A3F91D3183370003F1DA;
			productRefGroup = 5539A4031D3183370003F1DA /* Products */;
			projectDirPath = "";
			projectRoot = "";
			targets = (
				5539A4011D3183370003F1DA /* Study training */,
			);
		};
/* End PBXProject section */

/* Begin PBXResourcesBuildPhase section */
		5539A4001D3183370003F1DA /* Resources */ = {
			isa = PBXResourcesBuildPhase;
			buildActionMask = 2147483647;
			files = (
				5539A4151D3183370003F1DA /* LaunchScreen.storyboard in Resources */,
				5539A4121D3183370003F1DA /* Assets.xcassets in Resources */,
				5539A4201D3187570003F1DA /* SAPViewController.xib in Resources */,
			);
			runOnlyForDeploymentPostprocessing = 0;
		};
/* End PBXResourcesBuildPhase section */

/* Begin PBXSourcesBuildPhase section */
		5539A3FE1D3183370003F1DA /* Sources */ = {
			isa = PBXSourcesBuildPhase;
			buildActionMask = 2147483647;
			files = (
				5539A40A1D3183370003F1DA /* AppDelegate.m in Sources */,
				5EBF06BD1D770C8800531548 /* SAPViewE.m in Sources */,
				5EBF06B11D770C3800531548 /* SAPViewA.m in Sources */,
				5EBF06C31D7713D700531548 /* SAPViewG.m in Sources */,
				5EBF06BA1D770C7E00531548 /* SAPViewD.m in Sources */,
				5539A41F1D3187570003F1DA /* SAPViewController.m in Sources */,
				5EBF06B71D770C6A00531548 /* SAPViewC.m in Sources */,
				5EBF06C01D77130F00531548 /* SAPViewF.m in Sources */,
				5EBF06B41D770C4800531548 /* SAPViewB.m in Sources */,
				5539A4071D3183370003F1DA /* main.m in Sources */,
			);
			runOnlyForDeploymentPostprocessing = 0;
		};
/* End PBXSourcesBuildPhase section */

/* Begin PBXVariantGroup section */
		5539A4131D3183370003F1DA /* LaunchScreen.storyboard */ = {
			isa = PBXVariantGroup;
			children = (
				5539A4141D3183370003F1DA /* Base */,
			);
			name = LaunchScreen.storyboard;
			sourceTree = "<group>";
		};
/* End PBXVariantGroup section */

/* Begin XCBuildConfiguration section */
		5539A4171D3183370003F1DA /* Debug */ = {
			isa = XCBuildConfiguration;
			buildSettings = {
				ALWAYS_SEARCH_USER_PATHS = NO;
				CLANG_ANALYZER_NONNULL = YES;
				CLANG_CXX_LANGUAGE_STANDARD = "gnu++0x";
				CLANG_CXX_LIBRARY = "libc++";
				CLANG_ENABLE_MODULES = YES;
				CLANG_ENABLE_OBJC_ARC = YES;
				CLANG_WARN_BOOL_CONVERSION = YES;
				CLANG_WARN_CONSTANT_CONVERSION = YES;
				CLANG_WARN_DIRECT_OBJC_ISA_USAGE = YES_ERROR;
				CLANG_WARN_EMPTY_BODY = YES;
				CLANG_WARN_ENUM_CONVERSION = YES;
				CLANG_WARN_INT_CONVERSION = YES;
				CLANG_WARN_OBJC_ROOT_CLASS = YES_ERROR;
				CLANG_WARN_UNREACHABLE_CODE = YES;
				CLANG_WARN__DUPLICATE_METHOD_MATCH = YES;
				"CODE_SIGN_IDENTITY[sdk=iphoneos*]" = "iPhone Developer";
				COPY_PHASE_STRIP = NO;
				DEBUG_INFORMATION_FORMAT = dwarf;
				ENABLE_STRICT_OBJC_MSGSEND = YES;
				ENABLE_TESTABILITY = YES;
				GCC_C_LANGUAGE_STANDARD = gnu99;
				GCC_DYNAMIC_NO_PIC = NO;
				GCC_NO_COMMON_BLOCKS = YES;
				GCC_OPTIMIZATION_LEVEL = 0;
				GCC_PREPROCESSOR_DEFINITIONS = (
					"DEBUG=1",
					"$(inherited)",
				);
				GCC_WARN_64_TO_32_BIT_CONVERSION = YES;
				GCC_WARN_ABOUT_RETURN_TYPE = YES_ERROR;
				GCC_WARN_UNDECLARED_SELECTOR = YES;
				GCC_WARN_UNINITIALIZED_AUTOS = YES_AGGRESSIVE;
				GCC_WARN_UNUSED_FUNCTION = YES;
				GCC_WARN_UNUSED_VARIABLE = YES;
				IPHONEOS_DEPLOYMENT_TARGET = 9.3;
				MTL_ENABLE_DEBUG_INFO = YES;
				ONLY_ACTIVE_ARCH = YES;
				SDKROOT = iphoneos;
			};
			name = Debug;
		};
		5539A4181D3183370003F1DA /* Release */ = {
			isa = XCBuildConfiguration;
			buildSettings = {
				ALWAYS_SEARCH_USER_PATHS = NO;
				CLANG_ANALYZER_NONNULL = YES;
				CLANG_CXX_LANGUAGE_STANDARD = "gnu++0x";
				CLANG_CXX_LIBRARY = "libc++";
				CLANG_ENABLE_MODULES = YES;
				CLANG_ENABLE_OBJC_ARC = YES;
				CLANG_WARN_BOOL_CONVERSION = YES;
				CLANG_WARN_CONSTANT_CONVERSION = YES;
				CLANG_WARN_DIRECT_OBJC_ISA_USAGE = YES_ERROR;
				CLANG_WARN_EMPTY_BODY = YES;
				CLANG_WARN_ENUM_CONVERSION = YES;
				CLANG_WARN_INT_CONVERSION = YES;
				CLANG_WARN_OBJC_ROOT_CLASS = YES_ERROR;
				CLANG_WARN_UNREACHABLE_CODE = YES;
				CLANG_WARN__DUPLICATE_METHOD_MATCH = YES;
				"CODE_SIGN_IDENTITY[sdk=iphoneos*]" = "iPhone Developer";
				COPY_PHASE_STRIP = NO;
				DEBUG_INFORMATION_FORMAT = "dwarf-with-dsym";
				ENABLE_NS_ASSERTIONS = NO;
				ENABLE_STRICT_OBJC_MSGSEND = YES;
				GCC_C_LANGUAGE_STANDARD = gnu99;
				GCC_NO_COMMON_BLOCKS = YES;
				GCC_WARN_64_TO_32_BIT_CONVERSION = YES;
				GCC_WARN_ABOUT_RETURN_TYPE = YES_ERROR;
				GCC_WARN_UNDECLARED_SELECTOR = YES;
				GCC_WARN_UNINITIALIZED_AUTOS = YES_AGGRESSIVE;
				GCC_WARN_UNUSED_FUNCTION = YES;
				GCC_WARN_UNUSED_VARIABLE = YES;
				IPHONEOS_DEPLOYMENT_TARGET = 9.3;
				MTL_ENABLE_DEBUG_INFO = NO;
				SDKROOT = iphoneos;
				VALIDATE_PRODUCT = YES;
			};
			name = Release;
		};
		5539A41A1D3183370003F1DA /* Debug */ = {
			isa = XCBuildConfiguration;
			buildSettings = {
				ASSETCATALOG_COMPILER_APPICON_NAME = AppIcon;
				INFOPLIST_FILE = "Study training/Info.plist";
				LD_RUNPATH_SEARCH_PATHS = "$(inherited) @executable_path/Frameworks";
				PRODUCT_BUNDLE_IDENTIFIER = "SAP.Study-training";
				PRODUCT_NAME = "$(TARGET_NAME)";
			};
			name = Debug;
		};
		5539A41B1D3183370003F1DA /* Release */ = {
			isa = XCBuildConfiguration;
			buildSettings = {
				ASSETCATALOG_COMPILER_APPICON_NAME = AppIcon;
				INFOPLIST_FILE = "Study training/Info.plist";
				LD_RUNPATH_SEARCH_PATHS = "$(inherited) @executable_path/Frameworks";
				PRODUCT_BUNDLE_IDENTIFIER = "SAP.Study-training";
				PRODUCT_NAME = "$(TARGET_NAME)";
			};
			name = Release;
		};
/* End XCBuildConfiguration section */

/* Begin XCConfigurationList section */
		5539A3FD1D3183370003F1DA /* Build configuration list for PBXProject "Study training" */ = {
			isa = XCConfigurationList;
			buildConfigurations = (
				5539A4171D3183370003F1DA /* Debug */,
				5539A4181D3183370003F1DA /* Release */,
			);
			defaultConfigurationIsVisible = 0;
			defaultConfigurationName = Release;
		};
		5539A4191D3183370003F1DA /* Build configuration list for PBXNativeTarget "Study training" */ = {
			isa = XCConfigurationList;
			buildConfigurations = (
				5539A41A1D3183370003F1DA /* Debug */,
				5539A41B1D3183370003F1DA /* Release */,
			);
			defaultConfigurationIsVisible = 0;
			defaultConfigurationName = Release;
		};
/* End XCConfigurationList section */
	};
	rootObject = 5539A3FA1D3183370003F1DA /* Project object */;
}
